
Microsoft Visual Studio Solution File, Format Version 12.00
# Visual Studio 15
VisualStudioVersion = 15.0.27130.2020
MinimumVisualStudioVersion = 10.0.40219.1
Project("{F184B08F-C81C-45F6-A57F-5ABD9991F28F}") = "Reporte_01", "Reporte_01\Reporte_01.vbproj", "{D6EDCA30-AF97-43BE-B9D3-7FD7230FEC12}"
EndProject
Global
	GlobalSection(SolutionConfigurationPlatforms) = preSolution
		Debug|Any CPU = Debug|Any CPU
		Release|Any CPU = Release|Any CPU
	EndGlobalSection
	GlobalSection(ProjectConfigurationPlatforms) = postSolution
		{D6EDCA30-AF97-43BE-B9D3-7FD7230FEC12}.Debug|Any CPU.ActiveCfg = Debug|Any CPU
		{D6EDCA30-AF97-43BE-B9D3-7FD7230FEC12}.Debug|Any CPU.Build.0 = Debug|Any CPU
		{D6EDCA30-AF97-43BE-B9D3-7FD7230FEC12}.Release|Any CPU.ActiveCfg = Release|Any CPU
		{D6EDCA30-AF97-43BE-B9D3-7FD7230FEC12}.Release|Any CPU.Build.0 = Release|Any CPU
	EndGlobalSection
	GlobalSection(SolutionProperties) = preSolution
		HideSolutionNode = FALSE
	EndGlobalSection
	GlobalSection(ExtensibilityGlobals) = postSolution
		SolutionGuid = {84A078F3-35DD-4BD8-9949-F78CB9B68645}
	EndGlobalSection
EndGlobal
